
Microsoft Visual Studio Solution File, Format Version 12.00
# Visual Studio 15
VisualStudioVersion = 15.0.26124.0
MinimumVisualStudioVersion = 15.0.26124.0
Project("{FAE04EC0-301F-11D3-BF4B-00C04F79EFBC}") = "HANReader.Core", "HANReader.Core\HANReader.Core.csproj", "{1EAAF23B-2725-438F-B703-66540B4E5280}"
EndProject
Project("{FAE04EC0-301F-11D3-BF4B-00C04F79EFBC}") = "HANReader.Tests", "HANReader.Tests\HANReader.Tests.csproj", "{6A89139E-6B62-48AE-A04E-50480F684AF4}"
EndProject
Project("{FAE04EC0-301F-11D3-BF4B-00C04F79EFBC}") = "HANReader", "HANReader\HANReader.csproj", "{4DB96E5A-37C8-4C54-BFB0-179E717557E6}"
EndProject
Global
	GlobalSection(SolutionConfigurationPlatforms) = preSolution
		Debug|Any CPU = Debug|Any CPU
		Debug|x64 = Debug|x64
		Debug|x86 = Debug|x86
		Release|Any CPU = Release|Any CPU
		Release|x64 = Release|x64
		Release|x86 = Release|x86
	EndGlobalSection
	GlobalSection(SolutionProperties) = preSolution
		HideSolutionNode = FALSE
	EndGlobalSection
	GlobalSection(ProjectConfigurationPlatforms) = postSolution
		{1EAAF23B-2725-438F-B703-66540B4E5280}.Debug|Any CPU.ActiveCfg = Debug|Any CPU
		{1EAAF23B-2725-438F-B703-66540B4E5280}.Debug|Any CPU.Build.0 = Debug|Any CPU
		{1EAAF23B-2725-438F-B703-66540B4E5280}.Debug|x64.ActiveCfg = Debug|Any CPU
		{1EAAF23B-2725-438F-B703-66540B4E5280}.Debug|x64.Build.0 = Debug|Any CPU
		{1EAAF23B-2725-438F-B703-66540B4E5280}.Debug|x86.ActiveCfg = Debug|Any CPU
		{1EAAF23B-2725-438F-B703-66540B4E5280}.Debug|x86.Build.0 = Debug|Any CPU
		{1EAAF23B-2725-438F-B703-66540B4E5280}.Release|Any CPU.ActiveCfg = Release|Any CPU
		{1EAAF23B-2725-438F-B703-66540B4E5280}.Release|Any CPU.Build.0 = Release|Any CPU
		{1EAAF23B-2725-438F-B703-66540B4E5280}.Release|x64.ActiveCfg = Release|Any CPU
		{1EAAF23B-2725-438F-B703-66540B4E5280}.Release|x64.Build.0 = Release|Any CPU
		{1EAAF23B-2725-438F-B703-66540B4E5280}.Release|x86.ActiveCfg = Release|Any CPU
		{1EAAF23B-2725-438F-B703-66540B4E5280}.Release|x86.Build.0 = Release|Any CPU
		{6A89139E-6B62-48AE-A04E-50480F684AF4}.Debug|Any CPU.ActiveCfg = Debug|Any CPU
		{6A89139E-6B62-48AE-A04E-50480F684AF4}.Debug|Any CPU.Build.0 = Debug|Any CPU
		{6A89139E-6B62-48AE-A04E-50480F684AF4}.Debug|x64.ActiveCfg = Debug|Any CPU
		{6A89139E-6B62-48AE-A04E-50480F684AF4}.Debug|x64.Build.0 = Debug|Any CPU
		{6A89139E-6B62-48AE-A04E-50480F684AF4}.Debug|x86.ActiveCfg = Debug|Any CPU
		{6A89139E-6B62-48AE-A04E-50480F684AF4}.Debug|x86.Build.0 = Debug|Any CPU
		{6A89139E-6B62-48AE-A04E-50480F684AF4}.Release|Any CPU.ActiveCfg = Release|Any CPU
		{6A89139E-6B62-48AE-A04E-50480F684AF4}.Release|Any CPU.Build.0 = Release|Any CPU
		{6A89139E-6B62-48AE-A04E-50480F684AF4}.Release|x64.ActiveCfg = Release|Any CPU
		{6A89139E-6B62-48AE-A04E-50480F684AF4}.Release|x64.Build.0 = Release|Any CPU
		{6A89139E-6B62-48AE-A04E-50480F684AF4}.Release|x86.ActiveCfg = Release|Any CPU
		{6A89139E-6B62-48AE-A04E-50480F684AF4}.Release|x86.Build.0 = Release|Any CPU
		{4DB96E5A-37C8-4C54-BFB0-179E717557E6}.Debug|Any CPU.ActiveCfg = Debug|Any CPU
		{4DB96E5A-37C8-4C54-BFB0-179E717557E6}.Debug|Any CPU.Build.0 = Debug|Any CPU
		{4DB96E5A-37C8-4C54-BFB0-179E717557E6}.Debug|x64.ActiveCfg = Debug|Any CPU
		{4DB96E5A-37C8-4C54-BFB0-179E717557E6}.Debug|x64.Build.0 = Debug|Any CPU
		{4DB96E5A-37C8-4C54-BFB0-179E717557E6}.Debug|x86.ActiveCfg = Debug|Any CPU
		{4DB96E5A-37C8-4C54-BFB0-179E717557E6}.Debug|x86.Build.0 = Debug|Any CPU
		{4DB96E5A-37C8-4C54-BFB0-179E717557E6}.Release|Any CPU.ActiveCfg = Release|Any CPU
		{4DB96E5A-37C8-4C54-BFB0-179E717557E6}.Release|Any CPU.Build.0 = Release|Any CPU
		{4DB96E5A-37C8-4C54-BFB0-179E717557E6}.Release|x64.ActiveCfg = Release|Any CPU
		{4DB96E5A-37C8-4C54-BFB0-179E717557E6}.Release|x64.Build.0 = Release|Any CPU
		{4DB96E5A-37C8-4C54-BFB0-179E717557E6}.Release|x86.ActiveCfg = Release|Any CPU
		{4DB96E5A-37C8-4C54-BFB0-179E717557E6}.Release|x86.Build.0 = Release|Any CPU
	EndGlobalSection
EndGlobal
